# This file is automatically @generated by Cargo.
# It is not intended for manual editing.
version = 3

[[package]]
name = "anyhow"
version = "1.0.58"
source = "registry+https://github.com/rust-lang/crates.io-index"
checksum = "bb07d2053ccdbe10e2af2995a2f116c1330396493dc1269f6a91d0ae82e19704"

[[package]]
name = "arena"
version = "0.0.0"

[[package]]
name = "beef"
version = "0.5.2"
source = "registry+https://github.com/rust-lang/crates.io-index"
checksum = "3a8241f3ebb85c056b509d4327ad0358fbbba6ffb340bf388f26350aeda225b1"

[[package]]
name = "compiler"
version = "0.1.0"
dependencies = [
 "anyhow",
 "cst",
 "parser",
 "raw_index",
 "resolved_index",
 "syntax",
 "text-size",
]

[[package]]
name = "cst"
version = "0.0.0"
dependencies = [
 "syntax",
 "text-size",
]

[[package]]
name = "dissimilar"
version = "1.0.4"
source = "registry+https://github.com/rust-lang/crates.io-index"
checksum = "8c97b9233581d84b8e1e689cdd3a47b6f69770084fc246e86a7f78b0d9c1d4a5"

[[package]]
name = "eventree"
version = "0.6.2"
source = "registry+https://github.com/rust-lang/crates.io-index"
checksum = "87d45488fd0e7d391136db9018f8616e44011deb11a2e46c86d9f4976576c40c"
dependencies = [
 "static_assertions",
 "text-size",
]

[[package]]
name = "expect-test"
version = "1.4.0"
source = "registry+https://github.com/rust-lang/crates.io-index"
checksum = "1d4661aca38d826eb7c72fe128e4238220616de4c0cc00db7bfc38e2e1364dd3"
dependencies = [
 "dissimilar",
 "once_cell",
]

[[package]]
name = "fnv"
version = "1.0.7"
source = "registry+https://github.com/rust-lang/crates.io-index"
checksum = "3f9eec918d3f24069decb9af1554cad7c880e2da24a9afd88aca000531ab82c1"

[[package]]
name = "lexer"
version = "0.0.0"
dependencies = [
 "expect-test",
 "logos",
 "syntax",
 "text-size",
]

[[package]]
name = "logos"
version = "0.12.1"
source = "registry+https://github.com/rust-lang/crates.io-index"
checksum = "bf8b031682c67a8e3d5446840f9573eb7fe26efe7ec8d195c9ac4c0647c502f1"
dependencies = [
 "logos-derive",
]

[[package]]
name = "logos-derive"
version = "0.12.1"
source = "registry+https://github.com/rust-lang/crates.io-index"
checksum = "a1d849148dbaf9661a6151d1ca82b13bb4c4c128146a88d05253b38d4e2f496c"
dependencies = [
 "beef",
 "fnv",
 "proc-macro2",
 "quote",
 "regex-syntax",
 "syn",
]

[[package]]
name = "once_cell"
version = "1.13.0"
source = "registry+https://github.com/rust-lang/crates.io-index"
checksum = "18a6dbe30758c9f83eb00cbea4ac95966305f5a7772f3f42ebfc7fc7eddbd8e1"

[[package]]
name = "parser"
version = "0.0.0"
dependencies = [
 "cst",
 "lexer",
 "syntax",
 "test_utils",
 "text-size",
]

[[package]]
name = "proc-macro2"
version = "1.0.42"
source = "registry+https://github.com/rust-lang/crates.io-index"
checksum = "c278e965f1d8cf32d6e0e96de3d3e79712178ae67986d9cf9151f51e95aac89b"
dependencies = [
 "unicode-ident",
]

[[package]]
name = "quote"
version = "1.0.20"
source = "registry+https://github.com/rust-lang/crates.io-index"
checksum = "3bcdf212e9776fbcb2d23ab029360416bb1706b1aea2d1a5ba002727cbcab804"
dependencies = [
 "proc-macro2",
]

[[package]]
name = "raw_index"
version = "0.0.0"
dependencies = [
 "arena",
 "cst",
 "parser",
 "syntax",
 "test_utils",
 "text-size",
]

[[package]]
name = "regex-syntax"
version = "0.6.27"
source = "registry+https://github.com/rust-lang/crates.io-index"
checksum = "a3f87b73ce11b1619a3c6332f45341e0047173771e8b8b73f87bfeefb7b56244"

[[package]]
name = "resolved_index"
version = "0.0.0"
dependencies = [
 "arena",
 "parser",
 "raw_index",
 "test_utils",
 "text-size",
]

[[package]]
name = "static_assertions"
version = "1.1.0"
source = "registry+https://github.com/rust-lang/crates.io-index"
checksum = "a2eb9349b6444b326872e140eb1cf5e7c522154d69e7a0ffb0fb81c06b37543f"

[[package]]
name = "syn"
version = "1.0.98"
source = "registry+https://github.com/rust-lang/crates.io-index"
checksum = "c50aef8a904de4c23c788f104b7dddc7d6f79c647c7c8ce4cc8f73eb0ca773dd"
dependencies = [
 "proc-macro2",
 "quote",
 "unicode-ident",
]

[[package]]
name = "syntax"
version = "0.0.0"
dependencies = [
 "eventree",
]

[[package]]
name = "test_utils"
version = "0.0.0"
dependencies = [
 "expect-test",
]

[[package]]
name = "text-size"
version = "1.1.0"
source = "registry+https://github.com/rust-lang/crates.io-index"
checksum = "288cb548dbe72b652243ea797201f3d481a0609a967980fcc5b2315ea811560a"

[[package]]
name = "unicode-ident"
version = "1.0.2"
source = "registry+https://github.com/rust-lang/crates.io-index"
checksum = "15c61ba63f9235225a22310255a29b806b907c9b8c964bcbd0a2c70f3f2deea7"
